# This file is automatically @generated by Cargo.
# It is not intended for manual editing.
version = 4

[[package]]
name = "helisim-acoustics"
version = "0.1.0"
dependencies = [
 "helisim-rotor",
]

[[package]]
name = "helisim-actuation"
version = "0.1.0"
dependencies = [
 "helisim-airfoil",
 "helisim-bemt",
 "helisim-design",
 "helisim-fea",
 "helisim-rotor",
]

[[package]]
name = "helisim-airfoil"
version = "0.1.0"

[[package]]
name = "helisim-autorotation"
version = "0.1.0"
dependencies = [
 "helisim-rotor",
]

[[package]]
name = "helisim-bemt"
version = "0.1.0"
dependencies = [
 "helisim-airfoil",
 "helisim-rotor",
]

[[package]]
name = "helisim-bms"
version = "0.1.0"
dependencies = [
 "helisim-cell",
 "helisim-pack",
 "helisim-thermal",
]

[[package]]
name = "helisim-cell"
version = "0.1.0"

[[package]]
name = "helisim-charging"
version = "0.1.0"
dependencies = [
 "helisim-cell",
 "helisim-pack",
]

[[package]]
name = "helisim-cli"
version = "0.1.0"
dependencies = [
 "helisim-acoustics",
 "helisim-actuation",
 "helisim-airfoil",
 "helisim-autorotation",
 "helisim-bemt",
 "helisim-bms",
 "helisim-cell",
 "helisim-charging",
 "helisim-cost",
 "helisim-design",
 "helisim-dynamics",
 "helisim-flapping",
 "helisim-forward",
 "helisim-manufacture",
 "helisim-mission",
 "helisim-pack",
 "helisim-powertrain",
 "helisim-rotor",
 "helisim-sim",
 "helisim-thermal",
 "helisim-trim",
 "helisim-validation",
]

[[package]]
name = "helisim-cost"
version = "0.1.0"

[[package]]
name = "helisim-coupled"
version = "0.1.0"
dependencies = [
 "helisim-airfoil",
 "helisim-flapping",
 "helisim-forward",
 "helisim-rotor",
]

[[package]]
name = "helisim-design"
version = "0.1.0"
dependencies = [
 "helisim-acoustics",
 "helisim-airfoil",
 "helisim-autorotation",
 "helisim-bemt",
 "helisim-cost",
 "helisim-mission",
 "helisim-rotor",
]

[[package]]
name = "helisim-dynamics"
version = "0.1.0"
dependencies = [
 "helisim-airfoil",
 "helisim-bemt",
 "helisim-flapping",
 "helisim-forward",
 "helisim-rotor",
 "helisim-trim",
]

[[package]]
name = "helisim-fea"
version = "0.1.0"

[[package]]
name = "helisim-flapping"
version = "0.1.0"
dependencies = [
 "helisim-airfoil",
 "helisim-forward",
 "helisim-rotor",
]

[[package]]
name = "helisim-forward"
version = "0.1.0"
dependencies = [
 "helisim-airfoil",
 "helisim-rotor",
]

[[package]]
name = "helisim-manufacture"
version = "0.1.0"
dependencies = [
 "helisim-airfoil",
 "helisim-bemt",
 "helisim-design",
 "helisim-fea",
]

[[package]]
name = "helisim-mission"
version = "0.1.0"
dependencies = [
 "helisim-airfoil",
 "helisim-bemt",
 "helisim-cell",
 "helisim-pack",
 "helisim-powertrain",
 "helisim-rotor",
 "helisim-thermal",
]

[[package]]
name = "helisim-pack"
version = "0.1.0"
dependencies = [
 "helisim-cell",
]

[[package]]
name = "helisim-powertrain"
version = "0.1.0"

[[package]]
name = "helisim-rotor"
version = "0.1.0"

[[package]]
name = "helisim-sim"
version = "0.1.0"
dependencies = [
 "helisim-airfoil",
 "helisim-dynamics",
 "helisim-flapping",
 "helisim-rotor",
 "helisim-trim",
]

[[package]]
name = "helisim-thermal"
version = "0.1.0"
dependencies = [
 "helisim-cell",
]

[[package]]
name = "helisim-trim"
version = "0.1.0"
dependencies = [
 "helisim-airfoil",
 "helisim-bemt",
 "helisim-coupled",
 "helisim-flapping",
 "helisim-forward",
 "helisim-rotor",
]

[[package]]
name = "helisim-validation"
version = "0.1.0"
dependencies = [
 "helisim-airfoil",
 "helisim-bemt",
 "helisim-rotor",
]
